
Microsoft Visual Studio Solution File, Format Version 12.00
# Visual Studio Version 17
VisualStudioVersion = 17.4.33110.190
MinimumVisualStudioVersion = 10.0.40219.1
Project("{FAE04EC0-301F-11D3-BF4B-00C04F79EFBC}") = "MultipleGroupRegexReplace", "MultipleGroupRegexReplace.csproj", "{5C984A7E-EF6B-4B7E-94EE-8E0E958941B3}"
EndProject
Global
	GlobalSection(SolutionConfigurationPlatforms) = preSolution
		Debug|Any CPU = Debug|Any CPU
		Release|Any CPU = Release|Any CPU
	EndGlobalSection
	GlobalSection(ProjectConfigurationPlatforms) = postSolution
		{5C984A7E-EF6B-4B7E-94EE-8E0E958941B3}.Debug|Any CPU.ActiveCfg = Debug|Any CPU
		{5C984A7E-EF6B-4B7E-94EE-8E0E958941B3}.Debug|Any CPU.Build.0 = Debug|Any CPU
		{5C984A7E-EF6B-4B7E-94EE-8E0E958941B3}.Release|Any CPU.ActiveCfg = Release|Any CPU
		{5C984A7E-EF6B-4B7E-94EE-8E0E958941B3}.Release|Any CPU.Build.0 = Release|Any CPU
	EndGlobalSection
	GlobalSection(SolutionProperties) = preSolution
		HideSolutionNode = FALSE
	EndGlobalSection
	GlobalSection(ExtensibilityGlobals) = postSolution
		SolutionGuid = {89EC2CFC-AE38-4082-825C-98C275889AEE}
	EndGlobalSection
EndGlobal
